github.com/SherClockHolmes/webpush-go v1.0.1 h1:OoQfTikFyU4qL6mdABPB3/bfCQjwtUtRiQC1JRZbFH8=
github.com/SherClockHolmes/webpush-go v1.0.1/go.mod h1:Jbd13H6kOFZubRMAaEHQS+e0EpP/aSHtLKeo9gsyO5k=
github.com/dgrijalva/jwt-go v3.2.0+incompatible h1:7qlOGliEKZXTDg6OTjfoBKDXWrumCAMpl/TFQ4/5kLM=
github.com/dgrijalva/jwt-go v3.2.0+incompatible/go.mod h1:E3ru+11k8xSBh+hMPgOLZmtrrCbhqsmaPHjLKYnJCaQ=
github.com/satori/go.uuid v1.2.0 h1:0uYX9dsZ2yD7q2RtLRtPSdGDWzjeM3TbMJP9utgA0ww=
github.com/satori/go.uuid v1.2.0/go.mod h1:dA0hQrYB0VpLJoorglMZABFdXlWrHn1NEOzdhQKdks0=
go.etcd.io/bbolt v1.3.2 h1:Z/90sZLPOeCy2PwprqkFa25PdkusRzaj9P8zm/KNyvk=
go.etcd.io/bbolt v1.3.2/go.mod h1:IbVyRI1SCnLcuJnV2u8VeU0CEYM7e686BmAb1XKL+uU=
golang.org/x/crypto v0.0.0-20190131182504-b8fe1690c613 h1:MQ/ZZiDsUapFFiMS+vzwXkCTeEKaum+Do5rINYJDmxc=
golang.org/x/crypto v0.0.0-20190131182504-b8fe1690c613/go.mod h1:6SG95UA2DQfeDnfUPMdvaQW0Q7yPrPDi9nlGo2tz2b4=
